{
  "name": "js",
  "lockfileVersion": 3,
  "requires": true,
  "packages": {
    "": {
      "devDependencies": {
        "arale-qrcode": "^3.0.5"
      }
    },
    "node_modules/arale-qrcode": {
      "version": "3.0.5",
      "resolved": "https://registry.npmjs.org/arale-qrcode/-/arale-qrcode-3.0.5.tgz",
      "integrity": "sha512-vxEHaM7e4XbLXeILQ6txelPxHPJHLUZFe8syUflVw3FvohDczY+1MxTzjMsMYy69lVqmAv2qfKKCw59dJlTHoA==",
      "dev": true,
      "dependencies": {
        "spm-extend": "~1.0.0",
        "spm-jquery": "1.7.2"
      },
      "engines": {
        "node": ">=4.0.0"
      }
    },
    "node_modules/spm-extend": {
      "version": "1.0.0",
      "resolved": "https://registry.npmjs.org/spm-extend/-/spm-extend-1.0.0.tgz",
      "integrity": "sha512-IILSI1IVFXPId0TiR//P0U1oxgYf0840HQ6Z8IBh2fMe7GJvCP2j+AfupWOlrjK66+jc+Byo5FYFyzuhWnQFng==",
      "dev": true,
      "engines": {
        "node": ">=4.0.0"
      }
    },
    "node_modules/spm-jquery": {
      "version": "1.7.2",
      "resolved": "https://registry.npmjs.org/spm-jquery/-/spm-jquery-1.7.2.tgz",
      "integrity": "sha512-y5JGXPpEvTjrcWZudteyRm09skYZAq6SpKVskqcUW8B35HXUcRTUJMpwo8AtORmjA3lcG2rVDBTln0om9IGWuw==",
      "dev": true,
      "engines": {
        "node": ">=4.0.0"
      }
    }
  }
}
